
Microsoft Visual Studio Solution File, Format Version 12.00
# Visual Studio Version 17
VisualStudioVersion = 17.10.35013.160
MinimumVisualStudioVersion = 10.0.40219.1
Project("{FAE04EC0-301F-11D3-BF4B-00C04F79EFBC}") = "Hangman", "Hangman\Hangman.csproj", "{1D636FDE-D003-4101-9DC8-79FA76B2143C}"
EndProject
Global
	GlobalSection(SolutionConfigurationPlatforms) = preSolution
		Debug|Any CPU = Debug|Any CPU
		Release|Any CPU = Release|Any CPU
	EndGlobalSection
	GlobalSection(ProjectConfigurationPlatforms) = postSolution
		{1D636FDE-D003-4101-9DC8-79FA76B2143C}.Debug|Any CPU.ActiveCfg = Debug|Any CPU
		{1D636FDE-D003-4101-9DC8-79FA76B2143C}.Debug|Any CPU.Build.0 = Debug|Any CPU
		{1D636FDE-D003-4101-9DC8-79FA76B2143C}.Debug|Any CPU.Deploy.0 = Debug|Any CPU
		{1D636FDE-D003-4101-9DC8-79FA76B2143C}.Release|Any CPU.ActiveCfg = Release|Any CPU
		{1D636FDE-D003-4101-9DC8-79FA76B2143C}.Release|Any CPU.Build.0 = Release|Any CPU
		{1D636FDE-D003-4101-9DC8-79FA76B2143C}.Release|Any CPU.Deploy.0 = Release|Any CPU
	EndGlobalSection
	GlobalSection(SolutionProperties) = preSolution
		HideSolutionNode = FALSE
	EndGlobalSection
	GlobalSection(ExtensibilityGlobals) = postSolution
		SolutionGuid = {42DC1B37-C43B-4E36-9249-C6CC4B254BBC}
	EndGlobalSection
EndGlobal
